Microsoft Visual Studio Solution File, Format Version 11.00
# Visual Studio 2008

Project("{F5B6A874-CA32-63FD-2EAD-59C6234B6994}") = "Face Race", "Assembly-CSharp-firstpass.csproj", "{DEF6DC6A-31A4-0B08-9BE4-B4766C8E166F}"
EndProject
Project("{F5B6A874-CA32-63FD-2EAD-59C6234B6994}") = "Face Race", "Assembly-CSharp-Editor.csproj", "{17F20636-502F-35BF-53E0-954033DB355D}"
EndProject
Global
	GlobalSection(SolutionConfigurationPlatforms) = preSolution
		Debug|Any CPU = Debug|Any CPU
		Release|Any CPU = Release|Any CPU
	EndGlobalSection
	GlobalSection(ProjectConfigurationPlatforms) = postSolution
		{DEF6DC6A-31A4-0B08-9BE4-B4766C8E166F}.Debug|Any CPU.ActiveCfg = Debug|Any CPU
		{DEF6DC6A-31A4-0B08-9BE4-B4766C8E166F}.Debug|Any CPU.Build.0 = Debug|Any CPU
		{DEF6DC6A-31A4-0B08-9BE4-B4766C8E166F}.Release|Any CPU.ActiveCfg = Release|Any CPU
		{DEF6DC6A-31A4-0B08-9BE4-B4766C8E166F}.Release|Any CPU.Build.0 = Release|Any CPU
		{17F20636-502F-35BF-53E0-954033DB355D}.Debug|Any CPU.ActiveCfg = Debug|Any CPU
		{17F20636-502F-35BF-53E0-954033DB355D}.Debug|Any CPU.Build.0 = Debug|Any CPU
		{17F20636-502F-35BF-53E0-954033DB355D}.Release|Any CPU.ActiveCfg = Release|Any CPU
		{17F20636-502F-35BF-53E0-954033DB355D}.Release|Any CPU.Build.0 = Release|Any CPU
	EndGlobalSection
	GlobalSection(SolutionProperties) = preSolution
		HideSolutionNode = FALSE
	EndGlobalSection
	GlobalSection(MonoDevelopProperties) = preSolution
		StartupItem = Assembly-CSharp.csproj
	EndGlobalSection
EndGlobal
